
Microsoft Visual Studio Solution File, Format Version 12.00
# Visual Studio 15
VisualStudioVersion = 15.0.26430.16
MinimumVisualStudioVersion = 10.0.40219.1
Project("{FAE04EC0-301F-11D3-BF4B-00C04F79EFBC}") = "GraphView.Framework", "GraphView.Framework\GraphView.Framework.csproj", "{51DFDCE5-EE7D-4794-B37E-2C37588633C0}"
EndProject
Project("{FAE04EC0-301F-11D3-BF4B-00C04F79EFBC}") = "GraphView.Infrastructure", "GraphView.Infrastructure\GraphView.Infrastructure.csproj", "{53F5AEC9-06AD-459C-BC7C-5392007C980D}"
EndProject
Project("{FAE04EC0-301F-11D3-BF4B-00C04F79EFBC}") = "NeuralNetworksLab.App", "NeuralNetworksLab.App\NeuralNetworksLab.App.csproj", "{9CEB9B0A-CD00-4439-B56A-1CBFB256D236}"
EndProject
Global
	GlobalSection(SolutionConfigurationPlatforms) = preSolution
		Debug|Any CPU = Debug|Any CPU
		Release|Any CPU = Release|Any CPU
	EndGlobalSection
	GlobalSection(ProjectConfigurationPlatforms) = postSolution
		{51DFDCE5-EE7D-4794-B37E-2C37588633C0}.Debug|Any CPU.ActiveCfg = Debug|Any CPU
		{51DFDCE5-EE7D-4794-B37E-2C37588633C0}.Debug|Any CPU.Build.0 = Debug|Any CPU
		{51DFDCE5-EE7D-4794-B37E-2C37588633C0}.Release|Any CPU.ActiveCfg = Release|Any CPU
		{51DFDCE5-EE7D-4794-B37E-2C37588633C0}.Release|Any CPU.Build.0 = Release|Any CPU
		{53F5AEC9-06AD-459C-BC7C-5392007C980D}.Debug|Any CPU.ActiveCfg = Debug|Any CPU
		{53F5AEC9-06AD-459C-BC7C-5392007C980D}.Debug|Any CPU.Build.0 = Debug|Any CPU
		{53F5AEC9-06AD-459C-BC7C-5392007C980D}.Release|Any CPU.ActiveCfg = Release|Any CPU
		{53F5AEC9-06AD-459C-BC7C-5392007C980D}.Release|Any CPU.Build.0 = Release|Any CPU
		{9CEB9B0A-CD00-4439-B56A-1CBFB256D236}.Debug|Any CPU.ActiveCfg = Debug|Any CPU
		{9CEB9B0A-CD00-4439-B56A-1CBFB256D236}.Debug|Any CPU.Build.0 = Debug|Any CPU
		{9CEB9B0A-CD00-4439-B56A-1CBFB256D236}.Release|Any CPU.ActiveCfg = Release|Any CPU
		{9CEB9B0A-CD00-4439-B56A-1CBFB256D236}.Release|Any CPU.Build.0 = Release|Any CPU
	EndGlobalSection
	GlobalSection(SolutionProperties) = preSolution
		HideSolutionNode = FALSE
	EndGlobalSection
EndGlobal
